
Microsoft Visual Studio Solution File, Format Version 12.00
# Visual Studio Version 16
VisualStudioVersion = 16.0.30204.135
MinimumVisualStudioVersion = 10.0.40219.1
Project("{9A19103F-16F7-4668-BE54-9A1E7A4F7556}") = "YoutubeToMp3", "YoutubeToMp3\YoutubeToMp3.csproj", "{78EC1DCD-5FDB-44A8-BDBD-16FAF533EE3D}"
EndProject
Global
	GlobalSection(SolutionConfigurationPlatforms) = preSolution
		Debug|Any CPU = Debug|Any CPU
		Release|Any CPU = Release|Any CPU
	EndGlobalSection
	GlobalSection(ProjectConfigurationPlatforms) = postSolution
		{78EC1DCD-5FDB-44A8-BDBD-16FAF533EE3D}.Debug|Any CPU.ActiveCfg = Debug|Any CPU
		{78EC1DCD-5FDB-44A8-BDBD-16FAF533EE3D}.Debug|Any CPU.Build.0 = Debug|Any CPU
		{78EC1DCD-5FDB-44A8-BDBD-16FAF533EE3D}.Release|Any CPU.ActiveCfg = Release|Any CPU
		{78EC1DCD-5FDB-44A8-BDBD-16FAF533EE3D}.Release|Any CPU.Build.0 = Release|Any CPU
	EndGlobalSection
	GlobalSection(SolutionProperties) = preSolution
		HideSolutionNode = FALSE
	EndGlobalSection
	GlobalSection(ExtensibilityGlobals) = postSolution
		SolutionGuid = {A360B0B4-35C5-49A8-891D-0CA907B5B91C}
	EndGlobalSection
EndGlobal
